
Microsoft Visual Studio Solution File, Format Version 12.00
# Visual Studio Version 16
VisualStudioVersion = 16.0.30225.117
MinimumVisualStudioVersion = 10.0.40219.1
Project("{FAE04EC0-301F-11D3-BF4B-00C04F79EFBC}") = "CountandSay", "CountandSay\CountandSay.csproj", "{EB563C4D-D451-446F-949B-4971F759591C}"
EndProject
Global
	GlobalSection(SolutionConfigurationPlatforms) = preSolution
		Debug|Any CPU = Debug|Any CPU
		Release|Any CPU = Release|Any CPU
	EndGlobalSection
	GlobalSection(ProjectConfigurationPlatforms) = postSolution
		{EB563C4D-D451-446F-949B-4971F759591C}.Debug|Any CPU.ActiveCfg = Debug|Any CPU
		{EB563C4D-D451-446F-949B-4971F759591C}.Debug|Any CPU.Build.0 = Debug|Any CPU
		{EB563C4D-D451-446F-949B-4971F759591C}.Release|Any CPU.ActiveCfg = Release|Any CPU
		{EB563C4D-D451-446F-949B-4971F759591C}.Release|Any CPU.Build.0 = Release|Any CPU
	EndGlobalSection
	GlobalSection(SolutionProperties) = preSolution
		HideSolutionNode = FALSE
	EndGlobalSection
	GlobalSection(ExtensibilityGlobals) = postSolution
		SolutionGuid = {9A88A2CF-8277-4B6B-808E-5B4EEA1BC14E}
	EndGlobalSection
EndGlobal
